version = 1
revision = 3
requires-python = "==3.11.*"

[[package]]
name = "anyio"
version = "4.14.2"
source = { registry = "https://pypi.org/simple" }
dependencies = [
    { name = "idna" },
    { name = "typing-extensions" },
]
sdist = { url = "https://files.pythonhosted.org/packages/61/cc/a381afa6efea9f496eff839d4a6a1aed3bfafc7b3ab4b0d1b243a12573dd/anyio-4.14.2.tar.gz", hash = "sha256:cfa139f3ed1a23ee8f88a145ddb5ac7605b8bbfd8592baacd7ce3d8bb4313c7f", size = 260176, upload-time = "2026-07-12T20:29:07.082Z" }
wheels = [
    { url = "https://files.pythonhosted.org/packages/da/35/f2287558c17e29fafc8ef3daf819bb9834061cfa43bff8014f7df7f63bdc/anyio-4.14.2-py3-none-any.whl", hash = "sha256:9f505dda5ac9f0c8309b5e8bd445a8c2bf7246f3ce950121e45ea15bc41d1494", size = 125813, upload-time = "2026-07-12T20:29:05.763Z" },
]

[[package]]
name = "bleak"
version = "3.0.2"
source = { registry = "https://pypi.org/simple" }
dependencies = [
    { name = "dbus-fast", marker = "sys_platform == 'linux'" },
    { name = "pyobjc-core", marker = "sys_platform == 'darwin'" },
    { name = "pyobjc-framework-corebluetooth", marker = "sys_platform == 'darwin'" },
    { name = "pyobjc-framework-libdispatch", marker = "sys_platform == 'darwin'" },
    { name = "typing-extensions" },
    { name = "winrt-runtime", marker = "sys_platform == 'win32'" },
    { name = "winrt-windows-devices-bluetooth", marker = "sys_platform == 'win32'" },
    { name = "winrt-windows-devices-bluetooth-advertisement", marker = "sys_platform == 'win32'" },
    { name = "winrt-windows-devices-bluetooth-genericattributeprofile", marker = "sys_platform == 'win32'" },
    { name = "winrt-windows-devices-enumeration", marker = "sys_platform == 'win32'" },
    { name = "winrt-windows-devices-radios", marker = "sys_platform == 'win32'" },
    { name = "winrt-windows-foundation", marker = "sys_platform == 'win32'" },
    { name = "winrt-windows-foundation-collections", marker = "sys_platform == 'win32'" },
    { name = "winrt-windows-storage-streams", marker = "sys_platform == 'win32'" },
]
sdist = { url = "https://files.pythonhosted.org/packages/16/df/05a3f80ca8e3f7f5b0dba68a9e618147c909ccdba1468f07487dc8d72a9d/bleak-3.0.2.tar.gz", hash = "sha256:c2229cb8238d5876b4bd05c74bf7a1aea1f88da39d2e51ac9dfd5cc319d5265f", size = 125293, upload-time = "2026-05-02T23:01:04.066Z" }
wheels = [
    { url = "https://files.pythonhosted.org/packages/26/54/05aceb9cd80073805b3ed8522e3196e8cb22f70e741873fa51406c31f4e7/bleak-3.0.2-py3-none-any.whl", hash = "sha256:39092feb9e83f1df5ad2f88e837723c7211c982ce9e9cda6235104bc2ebe0d0d", size = 146490, upload-time = "2026-05-02T23:01:02.592Z" },
]

[[package]]
name = "dbus-fast"
version = "5.0.22"
source = { registry = "https://pypi.org/simple" }
sdist = { url = "https://files.pythonhosted.org/packages/aa/db/b621610e50b1bc46ff63534d75239553c1bf33256de6096b58214fd9808a/dbus_fast-5.0.22.tar.gz", hash = "sha256:34dc67d7d21a12399828dd13e63b352750580beea54ea7c729e708f2d2905fef", size = 83224, upload-time = "2026-06-05T18:47:59.171Z" }
wheels = [
    { url = "https://files.pythonhosted.org/packages/ec/84/dfb014de75a3a854dccaae1cce8f840e4312e3efc781768eedd60d25d9ef/dbus_fast-5.0.22-cp311-cp311-manylinux2014_aarch64.manylinux_2_17_aarch64.manylinux_2_28_aarch64.whl", hash = "sha256:846f9a6602b4383f989201f7851459fb225a8912cd24b38e63894748545c3040", size = 838836, upload-time = "2026-06-05T18:55:51.51Z" },
    { url = "https://files.pythonhosted.org/packages/70/c2/be41bcc678e97092d44ba22d09ce687f76c955b3367a7e6863377b1cfea5/dbus_fast-5.0.22-cp311-cp311-manylinux2014_x86_64.manylinux_2_17_x86_64.manylinux_2_28_x86_64.whl", hash = "sha256:886b43446b6fdc3986befbbb88db1365b14e49dd0a7edf84c2c67ac66c7160a4", size = 883163, upload-time = "2026-06-05T18:55:53Z" },
    { url = "https://files.pythonhosted.org/packages/17/cf/336c08f88fdd813a39fc1603a10a15aec67115e08a895e7c9840df54d4d7/dbus_fast-5.0.22-cp311-cp311-manylinux_2_31_riscv64.manylinux_2_39_riscv64.whl", hash = "sha256:3a699fca957acc845ddb12b47f741dba23ce147fdb93583e0c7e7bad3e9b2355", size = 886852, upload-time = "2026-06-05T18:55:54.434Z" },
    { url = "https://files.pythonhosted.org/packages/04/f1/7c1aa53f25252a2317f21ad6e8eaa125246d2585ea4611f3f10a6feaeeb1/dbus_fast-5.0.22-cp311-cp311-musllinux_1_2_aarch64.whl", hash = "sha256:9a5b05fd4973862042e5bee2c5e8c5a15297e0b33a975bf25b44becf7bcb3618", size = 846497, upload-time = "2026-06-05T18:55:56.193Z" },
    { url = "https://files.pythonhosted.org/packages/4c/32/a981ef2305f1bf41e538e02fa0cd69614f9043fd00ca965bf3044416c79b/dbus_fast-5.0.22-cp311-cp311-musllinux_1_2_riscv64.whl", hash = "sha256:6c4dae5292a7924ec062815c34b49043d8386cd22e165f9fb4012de00997cdf1", size = 882275, upload-time = "2026-06-05T18:55:57.653Z" },
    { url = "https://files.pythonhosted.org/packages/d9/a0/78800a172f4ca32e19a70a36e175f54831f33a497c9644f3a3fa4dce01ea/dbus_fast-5.0.22-cp311-cp311-musllinux_1_2_x86_64.whl", hash = "sha256:b7d90a52be79acbaef257f3a81d5b9b9dec40f1bad29429ac5c7802684fb9b84", size = 890566, upload-time = "2026-06-05T18:55:59.407Z" },
]

[[package]]
name = "idna"
version = "3.18"
source = { registry = "https://pypi.org/simple" }
sdist = { url = "https://files.pythonhosted.org/packages/cd/63/9496c57188a2ee585e0f1db071d75089a11e98aa86eb99d9d7618fc1edce/idna-3.18.tar.gz", hash = "sha256:ffb385a7e039654cef1ab9ef32c6fafe283c0c0467bba1d9029738ce4a14a848", size = 196711, upload-time = "2026-06-02T14:34:07.794Z" }
wheels = [
    { url = "https://files.pythonhosted.org/packages/1e/5e/d4e9f1a599fb8e573b7b87160658329fbf28d19eac2718f51fc3def3aa5a/idna-3.18-py3-none-any.whl", hash = "sha256:7f952cbe720b688055e3f87de14f5c3e5fdaa8bc3928985c4077ca689de849a2", size = 65455, upload-time = "2026-06-02T14:34:06.319Z" },
]

[[package]]
name = "pillow"
version = "9.5.0"
source = { registry = "https://pypi.org/simple" }
sdist = { url = "https://files.pythonhosted.org/packages/00/d5/4903f310765e0ff2b8e91ffe55031ac6af77d982f0156061e20a4d1a8b2d/Pillow-9.5.0.tar.gz", hash = "sha256:bf548479d336726d7a0eceb6e767e179fbde37833ae42794602631a070d630f1", size = 50488147, upload-time = "2023-04-01T09:31:37.159Z" }
wheels = [
    { url = "https://files.pythonhosted.org/packages/78/a8/3c2d737d856eb9cd8c18e78f6fe0ed08a2805bded74cbb0455584859023b/Pillow-9.5.0-cp311-cp311-macosx_10_10_x86_64.whl", hash = "sha256:7ec6f6ce99dab90b52da21cf0dc519e21095e332ff3b399a357c187b1a5eee32", size = 3395792, upload-time = "2023-04-01T09:28:38.917Z" },
    { url = "https://files.pythonhosted.org/packages/a9/15/310cde63cb15a091de889ded26281924cf9cfa5c000b36b06bd0c7f50261/Pillow-9.5.0-cp311-cp311-macosx_11_0_arm64.whl", hash = "sha256:560737e70cb9c6255d6dcba3de6578a9e2ec4b573659943a5e7e4af13f298f5c", size = 3077092, upload-time = "2023-04-01T09:28:41.28Z" },
    { url = "https://files.pythonhosted.org/packages/17/66/20db69c0361902a2f6ee2086d3e83c70133e3fb4cb31470e59a8ed37184e/Pillow-9.5.0-cp311-cp311-manylinux_2_17_aarch64.manylinux2014_aarch64.whl", hash = "sha256:96e88745a55b88a7c64fa49bceff363a1a27d9a64e04019c2281049444a571e3", size = 3112543, upload-time = "2023-04-01T09:28:43.89Z" },
    { url = "https://files.pythonhosted.org/packages/5c/a8/ff526cdec6b56eb20c992e7083f02c8065049ed1e62fbc159390d7a3dd5e/Pillow-9.5.0-cp311-cp311-manylinux_2_17_i686.manylinux2014_i686.whl", hash = "sha256:d9c206c29b46cfd343ea7cdfe1232443072bbb270d6a46f59c259460db76779a", size = 3386654, upload-time = "2023-04-01T09:28:46.378Z" },
    { url = "https://files.pythonhosted.org/packages/3b/70/e9a45a2e9c58c23e023fcda5af9686f5b42c718cc9bc86194e0025cf0ec5/Pillow-9.5.0-cp311-cp311-manylinux_2_17_x86_64.manylinux2014_x86_64.whl", hash = "sha256:cfcc2c53c06f2ccb8976fb5c71d448bdd0a07d26d8e07e321c103416444c7ad1", size = 3308566, upload-time = "2023-04-01T09:28:49.521Z" },
    { url = "https://files.pythonhosted.org/packages/61/a5/ee306d6cc53c9a30c23ba2313b43b67fdf76c611ca5afd0cdd62922cbd3e/Pillow-9.5.0-cp311-cp311-manylinux_2_28_aarch64.whl", hash = "sha256:a0f9bb6c80e6efcde93ffc51256d5cfb2155ff8f78292f074f60f9e70b942d99", size = 3164027, upload-time = "2023-04-01T09:28:52.295Z" },
    { url = "https://files.pythonhosted.org/packages/3d/59/e6bd2c3715ace343d9739276ceed79657fe116923238d102cf731ab463dd/Pillow-9.5.0-cp311-cp311-manylinux_2_28_x86_64.whl", hash = "sha256:8d935f924bbab8f0a9a28404422da8af4904e36d5c33fc6f677e4c4485515625", size = 3415610, upload-time = "2023-04-01T09:28:54.667Z" },
    { url = "https://files.pythonhosted.org/packages/9a/6d/9beb596ba5a5e61081c843187bcdbb42a5c9a9ef552751b554894247da7a/Pillow-9.5.0-cp311-cp311-musllinux_1_1_aarch64.whl", hash = "sha256:fed1e1cf6a42577953abbe8e6cf2fe2f566daebde7c34724ec8803c4c0cda579", size = 3350704, upload-time = "2023-04-01T09:28:57.098Z" },
    { url = "https://files.pythonhosted.org/packages/1e/e4/de633d85be3b3c770c554a37a89e8273069bd19c34b15a419c2795600310/Pillow-9.5.0-cp311-cp311-musllinux_1_1_x86_64.whl", hash = "sha256:c1170d6b195555644f0616fd6ed929dfcf6333b8675fcca044ae5ab110ded296", size = 3414604, upload-time = "2023-04-01T09:29:03.375Z" },
    { url = "https://files.pythonhosted.org/packages/46/a0/e410f655300932308e70e883dd60c0c51e6f74bed138641ea9193e64fd7c/Pillow-9.5.0-cp311-cp311-win32.whl", hash = "sha256:54f7102ad31a3de5666827526e248c3530b3a33539dbda27c6843d19d72644ec", size = 2211929, upload-time = "2023-04-01T09:29:06.338Z" },
    { url = "https://files.pythonhosted.org/packages/0c/02/7729c8aecbc525b560c7eb283ffa34c6f5a6d0ed6d1339570c65a3e63088/Pillow-9.5.0-cp311-cp311-win_amd64.whl", hash = "sha256:cfa4561277f677ecf651e2b22dc43e8f5368b74a25a8f7d1d4a3a243e573f2d4", size = 2511551, upload-time = "2023-04-01T09:29:08.636Z" },
    { url = "https://files.pythonhosted.org/packages/b9/8b/d38cc68796be4ac238db327682a1acfbc5deccf64a150aa44ee1efbaafae/Pillow-9.5.0-cp311-cp311-win_arm64.whl", hash = "sha256:965e4a05ef364e7b973dd17fc765f42233415974d773e82144c9bbaaaea5d089", size = 2489206, upload-time = "2023-04-01T20:01:51.312Z" },
]

[[package]]
name = "pycodestyle"
version = "2.14.0"
source = { registry = "https://pypi.org/simple" }
sdist = { url = "https://files.pythonhosted.org/packages/11/e0/abfd2a0d2efe47670df87f3e3a0e2edda42f055053c85361f19c0e2c1ca8/pycodestyle-2.14.0.tar.gz", hash = "sha256:c4b5b517d278089ff9d0abdec919cd97262a3367449ea1c8b49b91529167b783", size = 39472, upload-time = "2025-06-20T18:49:48.75Z" }
wheels = [
    { url = "https://files.pythonhosted.org/packages/d7/27/a58ddaf8c588a3ef080db9d0b7e0b97215cee3a45df74f3a94dbbf5c893a/pycodestyle-2.14.0-py2.py3-none-any.whl", hash = "sha256:dd6bf7cb4ee77f8e016f9c8e74a35ddd9f67e1d5fd4184d86c3b98e07099f42d", size = 31594, upload-time = "2025-06-20T18:49:47.491Z" },
]

[[package]]
name = "pyinstaxble"
version = "0.2.0"
source = { editable = "." }
dependencies = [
    { name = "anyio" },
    { name = "bleak" },
    { name = "pillow" },
    { name = "simplepyble" },
]

[package.optional-dependencies]
dev = [
    { name = "pycodestyle" },
]
lint = [
    { name = "ruff" },
]

[package.metadata]
requires-dist = [
    { name = "anyio", specifier = ">=4.14.2" },
    { name = "bleak", specifier = ">=3.0.2" },
    { name = "pillow", specifier = "==9.5.0" },
    { name = "pycodestyle", marker = "extra == 'dev'", specifier = "==2.14.0" },
    { name = "ruff", marker = "extra == 'lint'", specifier = ">=0.16.0" },
    { name = "simplepyble", specifier = "==0.7.1" },
]
provides-extras = ["dev", "lint"]

[[package]]
name = "pyobjc-core"
version = "12.2.1"
source = { registry = "https://pypi.org/simple" }
sdist = { url = "https://files.pythonhosted.org/packages/b4/b1/729f7458a63758bd21716648a8abcd9a0c8f2d2e9897763c8a1a1c7fd31b/pyobjc_core-12.2.1.tar.gz", hash = "sha256:7a7b9b018402342cf32bf1956366896350fbe5c0478cb3ef59778f77abed7f07", size = 1063383, upload-time = "2026-06-19T16:19:39.357Z" }
wheels = [
    { url = "https://files.pythonhosted.org/packages/92/87/16564ef5e4568ee0edd9e712d8111dc8b67621d6bb6ff430646ee2d637dd/pyobjc_core-12.2.1-cp311-cp311-macosx_10_9_universal2.whl", hash = "sha256:24b76a63caf0b5369d4a377c7c0438cd70df81539057af3db839bfaa3579e04a", size = 6484662, upload-time = "2026-06-19T16:04:44.979Z" },
]

[[package]]
name = "pyobjc-framework-cocoa"
version = "12.2.1"
source = { registry = "https://pypi.org/simple" }
dependencies = [
    { name = "pyobjc-core" },
]
sdist = { url = "https://files.pythonhosted.org/packages/51/34/fbe38a204643aa4e1b91391cdce07a34da565a69171ebcad08de7438a556/pyobjc_framework_cocoa-12.2.1.tar.gz", hash = "sha256:b94b37fe5730e5ae1fb0052912cd174e6ec329b0bfba4a012ae5db1014b5864b", size = 3125751, upload-time = "2026-06-19T16:20:05.159Z" }
wheels = [
    { url = "https://files.pythonhosted.org/packages/f4/d6/dc66ea8519a0475efbccf73f82cc28066339bb300a27f5e1bf91ab1d7002/pyobjc_framework_cocoa-12.2.1-cp311-cp311-macosx_10_9_universal2.whl", hash = "sha256:dc6da84f4fc62cc25463bbb85e77a57b8d5ac6caf9a60702daf2edb601332f15", size = 387298, upload-time = "2026-06-19T16:07:37.412Z" },
]

[[package]]
name = "pyobjc-framework-corebluetooth"
version = "12.2.1"
source = { registry = "https://pypi.org/simple" }
dependencies = [
    { name = "pyobjc-core" },
    { name = "pyobjc-framework-cocoa" },
]
sdist = { url = "https://files.pythonhosted.org/packages/d4/91/c76f3c5e8e80c7047e43c4c05b3e6fda9a7cefad5aae85487007674c966c/pyobjc_framework_corebluetooth-12.2.1.tar.gz", hash = "sha256:7dbb285295097205bebbcb11f55161e5faa02111108fb7b17536176e31971eb0", size = 37568, upload-time = "2026-06-19T16:20:12.191Z" }
wheels = [
    { url = "https://files.pythonhosted.org/packages/00/ad/de57d9060e4c5e9ca1a9bdd5b6bd1bdb73b198c0c53953cac445d9b3a84b/pyobjc_framework_corebluetooth-12.2.1-cp311-cp311-macosx_10_9_universal2.whl", hash = "sha256:f11df7052fa2d0524a9dadbc9c578fd3b8f3a350431edfa4ffa9e0a74b6faa32", size = 13195, upload-time = "2026-06-19T16:08:26.961Z" },
]

[[package]]
name = "pyobjc-framework-libdispatch"
version = "12.2.1"
source = { registry = "https://pypi.org/simple" }
dependencies = [
    { name = "pyobjc-core" },
    { name = "pyobjc-framework-cocoa" },
]
sdist = { url = "https://files.pythonhosted.org/packages/d9/3f/561653aff3f19873457c95c053f0298da517be89fdfc0ec35115ed5b7030/pyobjc_framework_libdispatch-12.2.1.tar.gz", hash = "sha256:0d24eda41c6c258135077f60d410e704bc7b5a67adcb2ca463918896c7363795", size = 40336, upload-time = "2026-06-19T16:20:56.371Z" }
wheels = [
    { url = "https://files.pythonhosted.org/packages/1d/b0/dc263ed1cee54badccaf60f061de1e25bea95504984401a22bee274b5f59/pyobjc_framework_libdispatch-12.2.1-cp311-cp311-macosx_10_9_universal2.whl", hash = "sha256:0e295775c76eace23f60e53ef74b0f79429c665f91a870e4665c4b9887466efa", size = 20488, upload-time = "2026-06-19T16:12:49.441Z" },
]

[[package]]
name = "ruff"
version = "0.16.0"
source = { registry = "https://pypi.org/simple" }
sdist = { url = "https://files.pythonhosted.org/packages/4d/94/1e5e4967626faf12fa56999cd6222dff6992ceb086ad7945756baf70c7a7/ruff-0.16.0.tar.gz", hash = "sha256:e460aafd5495ec89efaa6ced2e4a9a581116451e1c88b9d37ef497e0f8e93982", size = 4790557, upload-time = "2026-07-23T19:11:30.981Z" }
wheels = [
    { url = "https://files.pythonhosted.org/packages/4b/81/1c8818fee7ce1a04cd7d1b3172e0a8f8e4f1dc4feb7fc390e16daa8af323/ruff-0.16.0-py3-none-linux_armv6l.whl", hash = "sha256:e5115729eb08c585e5121978ba5d5b60caeae394ce21b9fb5e6cd33a1c6c9b1e", size = 10754633, upload-time = "2026-07-23T19:10:46.415Z" },
    { url = "https://files.pythonhosted.org/packages/23/df/beaf59c09d68db84304d555f188b276a77132a5d5b0b67a5c762aa143628/ruff-0.16.0-py3-none-macosx_10_12_x86_64.whl", hash = "sha256:3c954b1d580bfa035b41654f7858cc7e71d5fc3ac5b723dd62bd9133830ed522", size = 10969164, upload-time = "2026-07-23T19:10:50.271Z" },
    { url = "https://files.pythonhosted.org/packages/42/ce/741cd197496a1abbf51352710fd15ed995d2a2be87189c1da26a450d6e83/ruff-0.16.0-py3-none-macosx_11_0_arm64.whl", hash = "sha256:e01c21d10eb1b29f47b7454e1f4056db9a3f0260c646aa88457c610291db9f81", size = 10488846, upload-time = "2026-07-23T19:10:52.639Z" },
    { url = "https://files.pythonhosted.org/packages/52/2a/a2db8e88cade358f5cdcb05674a917751074109315d014eb6352d9a893f7/ruff-0.16.0-py3-none-manylinux_2_17_aarch64.manylinux2014_aarch64.whl", hash = "sha256:6e364e5ed22ed8dc05082fd78e35308618260907ac2d3c1d637b2e682415b6c9", size = 10889729, upload-time = "2026-07-23T19:10:54.89Z" },
    { url = "https://files.pythonhosted.org/packages/42/65/62a771694ebd63029dc953e27dbad40e1588bd4860ff9fe881018fddaa49/ruff-0.16.0-py3-none-manylinux_2_17_armv7l.manylinux2014_armv7l.whl", hash = "sha256:d327b8fc113a1d4421a04f3839d3752057c8dd1ee320223a6f3f52d04ada462a", size = 10568275, upload-time = "2026-07-23T19:10:56.993Z" },
    { url = "https://files.pythonhosted.org/packages/3f/e2/ced249fe8af5f086c5c58cc21cc3356d50f32f7401c5df87050c999620a7/ruff-0.16.0-py3-none-manylinux_2_17_i686.manylinux2014_i686.whl", hash = "sha256:a9b50c55e263103586b3dcf5f73d479eb8cb5fdb6098fec59a62891dab653717", size = 11385112, upload-time = "2026-07-23T19:10:59.615Z" },
    { url = "https://files.pythonhosted.org/packages/87/0b/05154977a8fd69eeb6c103271f55403bfd8711f5c0f8ed07489d95a504e7/ruff-0.16.0-py3-none-manylinux_2_17_ppc64le.manylinux2014_ppc64le.whl", hash = "sha256:0ff4a79ce3ec0172f3241943835de1c4cb4e2dcd07f0f8c2d02603dbbbee4b17", size = 12207008, upload-time = "2026-07-23T19:11:02.154Z" },
    { url = "https://files.pythonhosted.org/packages/fb/29/98225831a3a1eab0e02f4acc6ca6559a98611dcc68b6965ff4b7234627c1/ruff-0.16.0-py3-none-manylinux_2_17_s390x.manylinux2014_s390x.whl", hash = "sha256:e95c448fca1fb2a18372a9440926c5a6ee789639bb975c72e7ae6d0b04218ab4", size = 11650842, upload-time = "2026-07-23T19:11:04.557Z" },
    { url = "https://files.pythonhosted.org/packages/91/66/6bd3cf90500653d55dc0ffc8507aa8300bd49d0214b2e8cb4d3fef2943ba/ruff-0.16.0-py3-none-manylinux_2_17_x86_64.manylinux2014_x86_64.whl", hash = "sha256:4f11a8d11010301d0a398a2fdef67691feca7294da6aef55e2150e8fa2cd520b", size = 11400718, upload-time = "2026-07-23T19:11:09.233Z" },
    { url = "https://files.pythonhosted.org/packages/8e/a2/a54eb4eae05d66364050a5d3b8a9c5ef88196531b3cbe7109d873f87f819/ruff-0.16.0-py3-none-manylinux_2_31_riscv64.whl", hash = "sha256:48044c678e9cb8698246c99b14aaccfa6601dea7379eb48a6f8f73f7a6d86cd0", size = 11426177, upload-time = "2026-07-23T19:11:11.994Z" },
    { url = "https://files.pythonhosted.org/packages/1a/be/16e3eea4b2a478a496919f5e36f17c4559e54620bd3bbac5d6affa068006/ruff-0.16.0-py3-none-musllinux_1_2_aarch64.whl", hash = "sha256:7aa0959bad8eb8bef50340154fc9b58678dae31fa4293afa38b44b6e552c0213", size = 10856126, upload-time = "2026-07-23T19:11:14.221Z" },
    { url = "https://files.pythonhosted.org/packages/a2/84/252eb8b868a16eec7257c14f504f77537e734b2d69c762e639e588e304a3/ruff-0.16.0-py3-none-musllinux_1_2_armv7l.whl", hash = "sha256:28ea2b7df8ebf7f9da6b7d47b230ab48f387c0a29be3b474c4d0740e197bb9af", size = 10571208, upload-time = "2026-07-23T19:11:16.378Z" },
    { url = "https://files.pythonhosted.org/packages/21/09/817a482f542f7570cbb4554b26e896610c7114f539b1d9e2d2145bf6bef6/ruff-0.16.0-py3-none-musllinux_1_2_i686.whl", hash = "sha256:33a3dfac8c35f81498dea9181bccc2f4c4bc8f1521a1dd9406e77643e0f0fb09", size = 11063329, upload-time = "2026-07-23T19:11:19.173Z" },
    { url = "https://files.pythonhosted.org/packages/2e/23/9403c180ca1cb9b1f7335f5c3e5305c09d49ea5b345196682a36028bde4a/ruff-0.16.0-py3-none-musllinux_1_2_x86_64.whl", hash = "sha256:a5237a0bda500d30d81b8e07a6973a5cbc772864cbf746ae2f4e8a2e01c9f4ed", size = 11489751, upload-time = "2026-07-23T19:11:21.74Z" },
    { url = "https://files.pythonhosted.org/packages/b2/1d/1b2ef7bcde851c78d7f17f1cca13fd6dc695fc4b3d6197941e72cae5b132/ruff-0.16.0-py3-none-win32.whl", hash = "sha256:7fab76fa065c873f41ff744347c6e77bcc3dfec4bcc754dc26b63d23c0f7f5fb", size = 10785885, upload-time = "2026-07-23T19:11:23.947Z" },
    { url = "https://files.pythonhosted.org/packages/b2/a3/d5e4ef7a56be3f928ffb90b94c25ba7d3cb9c7fe0736aeaaedf361770712/ruff-0.16.0-py3-none-win_amd64.whl", hash = "sha256:429c117f022bf481fabd9d551e7a3952b24c65e6ef44337ea09d90bebef14472", size = 11923141, upload-time = "2026-07-23T19:11:26.409Z" },
    { url = "https://files.pythonhosted.org/packages/cb/9a/8415f2657cbe200f41a4531ccededf135505a92d4a012229121f885b26f9/ruff-0.16.0-py3-none-win_arm64.whl", hash = "sha256:14296fedcd2705c77ab8235439278bbb38f285cf7da5528b00b3e330c3d4872d", size = 11273407, upload-time = "2026-07-23T19:11:28.705Z" },
]

[[package]]
name = "simplepyble"
version = "0.7.1"
source = { registry = "https://pypi.org/simple" }
sdist = { url = "https://files.pythonhosted.org/packages/6f/12/dbf8ab875b5b56da3c05fc85658daf7ef3e22b2b517777ac502be10b45c0/simplepyble-0.7.1.tar.gz", hash = "sha256:323d4960ccf7fcbe9dd90ae978e76c120ffecc1562d36b97f67123002a0e86c6", size = 101941, upload-time = "2024-02-17T00:54:40.212Z" }
wheels = [
    { url = "https://files.pythonhosted.org/packages/38/23/cc8835ec80373f6bd9ecc5b5af71ec15825978c5437700e961cfad663f77/simplepyble-0.7.1-cp311-cp311-macosx_10_15_universal2.whl", hash = "sha256:0bfc635472a88bb571ee487234ba7ad258d622859c2792ae724b53d731e58980", size = 438816, upload-time = "2024-02-17T01:10:08.822Z" },
    { url = "https://files.pythonhosted.org/packages/a1/f7/4ca9a5aca9c0a4c3892838061974e7f580eda7a3f82ef2e6b7066e57fb5d/simplepyble-0.7.1-cp311-cp311-macosx_10_15_x86_64.whl", hash = "sha256:1a54e1727c080546278272d68afeb7b33beb467d995e73fee19ba5acc10fbb46", size = 238002, upload-time = "2024-02-17T01:08:27.835Z" },
    { url = "https://files.pythonhosted.org/packages/02/28/ba0f3bb034e1d6b2d6f72eee3ac13990ba05417ee95678e6d482108bfe31/simplepyble-0.7.1-cp311-cp311-macosx_11_0_arm64.whl", hash = "sha256:a9840ab6e4ab104c5cf2ea7ea0ff64f9cfd879a433ec5adc228f1c98a6409253", size = 217439, upload-time = "2024-02-17T01:11:07.365Z" },
    { url = "https://files.pythonhosted.org/packages/86/f8/452ede3f6fb43ea06c4119f0930d34db1cbce547cc337de1616918114da3/simplepyble-0.7.1-cp311-cp311-manylinux_2_17_aarch64.manylinux2014_aarch64.whl", hash = "sha256:111124bd0044a7e0931d32970bf96110522f4eb062a2cb1eec7df364d7ab7e8f", size = 1509255, upload-time = "2024-02-17T01:57:37.613Z" },
    { url = "https://files.pythonhosted.org/packages/17/79/2119a874fa19728ecb93eb5de41ed8b36a3ff5f4f3bea1376ae4d34a2c8b/simplepyble-0.7.1-cp311-cp311-manylinux_2_17_i686.manylinux2014_i686.whl", hash = "sha256:4e329d2d1d98eee87745a6192812c2ef3c9349390eddc4b97f25ec3b3006ae8c", size = 1630941, upload-time = "2024-02-17T01:01:55.09Z" },
    { url = "https://files.pythonhosted.org/packages/63/ec/81841b6b20488c61f4c8bebf0d437c3be62fa6e6908e90f558d40d327a85/simplepyble-0.7.1-cp311-cp311-manylinux_2_17_x86_64.manylinux2014_x86_64.whl", hash = "sha256:ed183ca164ea6f3c9fdba0955c932cb8232d28f93e4d616a45187f08c31715ab", size = 1594316, upload-time = "2024-02-17T01:02:09.914Z" },
    { url = "https://files.pythonhosted.org/packages/26/9b/f713e6b40012cd176f69e6d38418b29cde5ecfb5a8f4a4851175c203e28e/simplepyble-0.7.1-cp311-cp311-win32.whl", hash = "sha256:3ca089e2d10cfb2680df1a7ff1802bf63047200a9dfba6b28e470b8ddaf74dc9", size = 195692, upload-time = "2024-02-17T01:05:46.127Z" },
    { url = "https://files.pythonhosted.org/packages/63/f4/16681283cb7037660628bd374ae9e5b92ea7a551cf3d5e00dcc430b7f236/simplepyble-0.7.1-cp311-cp311-win_amd64.whl", hash = "sha256:60e8daa6911911805716e69842a66a2d4b9bd4376cfaec43574bf173cdedd351", size = 227150, upload-time = "2024-02-17T01:05:05.667Z" },
]

[[package]]
name = "typing-extensions"
version = "4.16.0"
source = { registry = "https://pypi.org/simple" }
sdist = { url = "https://files.pythonhosted.org/packages/f6/cc/6253133b5bb138fc3306cebfbda2c520f545d36b5be2c7255cc528bb45d6/typing_extensions-4.16.0.tar.gz", hash = "sha256:dc983d19a509c94dba722ee6abd33940f7c05a89e243c47e907eb4db6f1a43e5", size = 113555, upload-time = "2026-07-02T08:40:05.92Z" }
wheels = [
    { url = "https://files.pythonhosted.org/packages/49/d3/b8441a820a491ddfc024b0b0cf0393375b75ea13866d9c66727e54c2fc80/typing_extensions-4.16.0-py3-none-any.whl", hash = "sha256:481caa481374e813c1b176ada14e97f1f67a4539ce9cfeb3f350d78d6370c2e8", size = 45571, upload-time = "2026-07-02T08:40:04.659Z" },
]

[[package]]
name = "winrt-runtime"
version = "3.2.1"
source = { registry = "https://pypi.org/simple" }
dependencies = [
    { name = "typing-extensions" },
]
sdist = { url = "https://files.pythonhosted.org/packages/16/dd/acdd527c1d890c8f852cc2af644aa6c160974e66631289420aa871b05e65/winrt_runtime-3.2.1.tar.gz", hash = "sha256:c8dca19e12b234ae6c3dadf1a4d0761b51e708457492c13beb666556958801ea", size = 21721, upload-time = "2025-06-06T14:40:27.593Z" }
wheels = [
    { url = "https://files.pythonhosted.org/packages/90/8d/d7ae0e07cd85c7768de76e8578261854f2af72bd3a8a527bb675e8ae0eda/winrt_runtime-3.2.1-cp311-cp311-win32.whl", hash = "sha256:9e9b64f1ba631cc4b9fe60b8ff16fef3f32c7ce2fcc84735a63129ff8b15c022", size = 210798, upload-time = "2025-06-06T06:44:04.775Z" },
    { url = "https://files.pythonhosted.org/packages/ac/66/d05f6e6c0517654734e7f87fa1f0fbc965add9f27cc36b524d96331ab3d8/winrt_runtime-3.2.1-cp311-cp311-win_amd64.whl", hash = "sha256:c0a9046ae416808420a358c51705af8ae100acd40bc578be57ddfdd51cbb0f9c", size = 242032, upload-time = "2025-06-06T06:44:06.103Z" },
    { url = "https://files.pythonhosted.org/packages/39/a5/760c8396110f6d3e4c417752da1a2bf3b89e0998329c2f10afc717ef6291/winrt_runtime-3.2.1-cp311-cp311-win_arm64.whl", hash = "sha256:e94f3cb40ea2d723c44c82c16d715c03c6b3bd977d135b49535fdd5415fd9130", size = 415659, upload-time = "2025-06-06T06:44:07.007Z" },
]

[[package]]
name = "winrt-windows-devices-bluetooth"
version = "3.2.1"
source = { registry = "https://pypi.org/simple" }
dependencies = [
    { name = "winrt-runtime" },
]
sdist = { url = "https://files.pythonhosted.org/packages/b2/a0/1c8a0c469abba7112265c6cb52f0090d08a67c103639aee71fc690e614b8/winrt_windows_devices_bluetooth-3.2.1.tar.gz", hash = "sha256:db496d2d92742006d5a052468fc355bf7bb49e795341d695c374746113d74505", size = 23732, upload-time = "2025-06-06T14:41:20.489Z" }
wheels = [
    { url = "https://files.pythonhosted.org/packages/3b/cf/671bf29337323cc08f9969cb32312f217d2927d29dbf2964f0dbb378cb90/winrt_windows_devices_bluetooth-3.2.1-cp311-cp311-win32.whl", hash = "sha256:f4082a00b834c1e34b961e0612f3e581356bdb38c5798bd6842f88ec02e5152b", size = 105535, upload-time = "2025-06-06T07:00:08.146Z" },
    { url = "https://files.pythonhosted.org/packages/b6/d5/5761a8b6dcc56957018970dd443059c8ee8a79de7b07f0b4d143f8e7dc15/winrt_windows_devices_bluetooth-3.2.1-cp311-cp311-win_amd64.whl", hash = "sha256:44277a3f2cc5ac32ce9b4b2d96c5c5f601d394ac5f02cc71bcd551f738660e2d", size = 114612, upload-time = "2025-06-06T07:00:08.984Z" },
    { url = "https://files.pythonhosted.org/packages/24/0b/7819bb102286752d3572a75d03e6a8000ffe3c6cb7aee3eb136dca383fe2/winrt_windows_devices_bluetooth-3.2.1-cp311-cp311-win_arm64.whl", hash = "sha256:0803a417403a7d225316b9b0c4fe3f8446579d6a22f2f729a2c21f4befc74a80", size = 105017, upload-time = "2025-06-06T07:00:09.813Z" },
]

[[package]]
name = "winrt-windows-devices-bluetooth-advertisement"
version = "3.2.1"
source = { registry = "https://pypi.org/simple" }
dependencies = [
    { name = "winrt-runtime" },
]
sdist = { url = "https://files.pythonhosted.org/packages/06/fc/7ffe66ca4109b9e994b27c00f3d2d506e6e549e268791f755287ad9106d8/winrt_windows_devices_bluetooth_advertisement-3.2.1.tar.gz", hash = "sha256:0223852a7b7fa5c8dea3c6a93473bd783df4439b1ed938d9871f947933e574cc", size = 16906, upload-time = "2025-06-06T14:41:21.448Z" }
wheels = [
    { url = "https://files.pythonhosted.org/packages/ad/5e/c628719e877a89f00cac7ce53f9666acbc5ed6f074130729d5d6768b63ff/winrt_windows_devices_bluetooth_advertisement-3.2.1-cp311-cp311-win32.whl", hash = "sha256:fe17c2cf63284646622e8b2742b064bf7970bbf53cfab02062136c67fa6b06c9", size = 89614, upload-time = "2025-06-06T07:00:20.952Z" },
    { url = "https://files.pythonhosted.org/packages/ac/1a/d172d6f1c2fae53535e7f23835025cf39e3002749a0304f18a38e8ed490d/winrt_windows_devices_bluetooth_advertisement-3.2.1-cp311-cp311-win_amd64.whl", hash = "sha256:78e99dd48b4d89b71b7778c5085fdba64e754dd3ebc54fd09c200fe5222c6e09", size = 95783, upload-time = "2025-06-06T07:00:21.764Z" },
    { url = "https://files.pythonhosted.org/packages/67/c1/568dfdaea62ca3b13bb70162cb292e5cd0be5bbb98b738961ddcc2edd374/winrt_windows_devices_bluetooth_advertisement-3.2.1-cp311-cp311-win_arm64.whl", hash = "sha256:6d5d2295474deab444fc4311580c725a2ca8a814b0f3344d0779828891d75401", size = 89253, upload-time = "2025-06-06T07:00:22.603Z" },
]

[[package]]
name = "winrt-windows-devices-bluetooth-genericattributeprofile"
version = "3.2.1"
source = { registry = "https://pypi.org/simple" }
dependencies = [
    { name = "winrt-runtime" },
]
sdist = { url = "https://files.pythonhosted.org/packages/44/21/aeeddc0eccdfbd25e543360b5cc093233e2eab3cdfb53ad3cabae1b5d04d/winrt_windows_devices_bluetooth_genericattributeprofile-3.2.1.tar.gz", hash = "sha256:cdf6ddc375e9150d040aca67f5a17c41ceaf13a63f3668f96608bc1d045dde71", size = 38896, upload-time = "2025-06-06T14:41:22.687Z" }
wheels = [
    { url = "https://files.pythonhosted.org/packages/fa/5e/349a5d958be8c0570f0a49bbb746088bcfaa81555accb57503ba01185359/winrt_windows_devices_bluetooth_genericattributeprofile-3.2.1-cp311-cp311-win32.whl", hash = "sha256:832cf65d035a11e6dbfef4fd66abdcc46be7e911ec96e2e72e98e12d8d5b9d3c", size = 182312, upload-time = "2025-06-06T07:00:49.974Z" },
    { url = "https://files.pythonhosted.org/packages/90/db/929ab0085ec89e46bd3a58c74b451dd770c3285dfa0cbd4f4aa4730da004/winrt_windows_devices_bluetooth_genericattributeprofile-3.2.1-cp311-cp311-win_amd64.whl", hash = "sha256:8179638a6c721b0bbf04ba251ef98d5e02d9a17f0cce377398e42c4fbb441415", size = 187768, upload-time = "2025-06-06T07:00:50.853Z" },
    { url = "https://files.pythonhosted.org/packages/a3/53/f316e2224c384178204430439f04f9b72017fe8237e341a9aebb20da8191/winrt_windows_devices_bluetooth_genericattributeprofile-3.2.1-cp311-cp311-win_arm64.whl", hash = "sha256:70b7edfca3190b89ae38bf60972b11978311b6d933d3142ae45560c955dbf5c7", size = 184189, upload-time = "2025-06-06T07:00:51.791Z" },
]

[[package]]
name = "winrt-windows-devices-enumeration"
version = "3.2.1"
source = { registry = "https://pypi.org/simple" }
dependencies = [
    { name = "winrt-runtime" },
]
sdist = { url = "https://files.pythonhosted.org/packages/9e/dd/75835bfbd063dffa152109727dedbd80f6e92ea284855f7855d48cdf31c9/winrt_windows_devices_enumeration-3.2.1.tar.gz", hash = "sha256:df316899e39bfc0ffc1f3cb0f5ee54d04e1d167fbbcc1484d2d5121449a935cf", size = 23538, upload-time = "2025-06-06T14:41:26.787Z" }
wheels = [
    { url = "https://files.pythonhosted.org/packages/a6/92/ca1fd311d96fce15fba25543a2ae3cb829744a8af548a11d74233d0e4f64/winrt_windows_devices_enumeration-3.2.1-cp311-cp311-win32.whl", hash = "sha256:9f29465a6c6b0456e4330d4ad09eccdd53a17e1e97695c2e57db0d4666cc0011", size = 129898, upload-time = "2025-06-06T07:01:59.687Z" },
    { url = "https://files.pythonhosted.org/packages/03/fd/5bd5da5d7997725ba3f1995c16aa1c3362937f8ff68ad4cadfd3415eebcb/winrt_windows_devices_enumeration-3.2.1-cp311-cp311-win_amd64.whl", hash = "sha256:2a725d04b4cb43aa0e2af035f73a60d16a6c0ff165fcb6b763383e4e33a975fd", size = 142361, upload-time = "2025-06-06T07:02:00.546Z" },
    { url = "https://files.pythonhosted.org/packages/df/be/d423b63e740600e0617ddb85fba3ef99e7bbff02299fe46323bfe624a382/winrt_windows_devices_enumeration-3.2.1-cp311-cp311-win_arm64.whl", hash = "sha256:6365ef5978d4add26678827286034acf474b6b133aa4054e76567d12194e6817", size = 135808, upload-time = "2025-06-06T07:02:01.4Z" },
]

[[package]]
name = "winrt-windows-devices-radios"
version = "3.2.1"
source = { registry = "https://pypi.org/simple" }
dependencies = [
    { name = "winrt-runtime" },
]
sdist = { url = "https://files.pythonhosted.org/packages/5e/02/9704ea359ad8b0d6faa1011f98fb477e8fb6eac5201f39d19e73c2407e7b/winrt_windows_devices_radios-3.2.1.tar.gz", hash = "sha256:4dc9b9d1501846049eb79428d64ec698d6476c27a357999b78a8331072e18a0b", size = 5908, upload-time = "2025-06-06T14:41:44.868Z" }
wheels = [
    { url = "https://files.pythonhosted.org/packages/6b/a0/4a8b51da15de218cec04bcc1cd85b4b93bcfd8ebe50a5f0a7eee28836dc6/winrt_windows_devices_radios-3.2.1-cp311-cp311-win32.whl", hash = "sha256:7c02790472414b6cda00d24a8cd23bca18e4b7474ddad4f9264f4484b891807e", size = 38505, upload-time = "2025-06-06T07:07:59.204Z" },
    { url = "https://files.pythonhosted.org/packages/de/49/ba69e3180585dbc6f3336a09fef7cba4558a6a1e7d500500f62c1478418e/winrt_windows_devices_radios-3.2.1-cp311-cp311-win_amd64.whl", hash = "sha256:f87745486d313ba1e7562ca97f25ad436ec01ad4b3b9ea349fb6b6f25cb41104", size = 40157, upload-time = "2025-06-06T07:07:59.948Z" },
    { url = "https://files.pythonhosted.org/packages/9c/92/64817f71a20ecf842da36dc3848f42614217688137a69c93fda8a6103155/winrt_windows_devices_radios-3.2.1-cp311-cp311-win_arm64.whl", hash = "sha256:6cee6f946ff3a3571850d1ca745edaee7c331d06ca321873e650779654effc4a", size = 36976, upload-time = "2025-06-06T07:08:00.719Z" },
]

[[package]]
name = "winrt-windows-foundation"
version = "3.2.1"
source = { registry = "https://pypi.org/simple" }
dependencies = [
    { name = "winrt-runtime" },
]
sdist = { url = "https://files.pythonhosted.org/packages/0c/55/098ce7ea0679efcc1298b269c48768f010b6c68f90c588f654ec874c8a74/winrt_windows_foundation-3.2.1.tar.gz", hash = "sha256:ad2f1fcaa6c34672df45527d7c533731fdf65b67c4638c2b4aca949f6eec0656", size = 30485, upload-time = "2025-06-06T14:41:53.344Z" }
wheels = [
    { url = "https://files.pythonhosted.org/packages/c0/36/09b9757f7cbf269e67008ea2ad188a44f974c94c9b49ebf0b52d1a8c4069/winrt_windows_foundation-3.2.1-cp311-cp311-win32.whl", hash = "sha256:d1b5970241ccd61428f7330d099be75f4f52f25e510d82c84dbbdaadd625e437", size = 111944, upload-time = "2025-06-06T07:10:58.496Z" },
    { url = "https://files.pythonhosted.org/packages/05/a5/216d66df6bdcee58eb3877fabc1544337e23f850bf9f93838db7f5698371/winrt_windows_foundation-3.2.1-cp311-cp311-win_amd64.whl", hash = "sha256:f3762be2f6e0f2aedf83a0742fd727290b397ffe3463d963d29211e4ebb53a7e", size = 118465, upload-time = "2025-06-06T07:10:59.678Z" },
    { url = "https://files.pythonhosted.org/packages/be/ca/48ca8b5bc5be5c7a5516c9e1d9a21861b4217e1b4ee57923aab6f13fa411/winrt_windows_foundation-3.2.1-cp311-cp311-win_arm64.whl", hash = "sha256:806c77818217b3476e6c617293b3d5b0ff8a9901549dc3417586f6799938d671", size = 109609, upload-time = "2025-06-06T07:11:00.54Z" },
]

[[package]]
name = "winrt-windows-foundation-collections"
version = "3.2.1"
source = { registry = "https://pypi.org/simple" }
dependencies = [
    { name = "winrt-runtime" },
]
sdist = { url = "https://files.pythonhosted.org/packages/ef/62/d21e3f1eeb8d47077887bbf0c3882c49277a84d8f98f7c12bda64d498a07/winrt_windows_foundation_collections-3.2.1.tar.gz", hash = "sha256:0eff1ad0d8d763ad17e9e7bbd0c26a62b27215016393c05b09b046d6503ae6d5", size = 16043, upload-time = "2025-06-06T14:41:53.983Z" }
wheels = [
    { url = "https://files.pythonhosted.org/packages/87/b3/7e4a75c62e86bedf9458b7ec8dfed74cff3236e0b4b2288f95967d5cc4d2/winrt_windows_foundation_collections-3.2.1-cp311-cp311-win32.whl", hash = "sha256:9b272d9936e7db4840881c5dcf921eb26789ae4ef23fb6ec15e13e19a16254e7", size = 59693, upload-time = "2025-06-06T07:11:13.388Z" },
    { url = "https://files.pythonhosted.org/packages/32/58/049db1d95fdfc0c8451dc6db17442ed4e6b2aba361c425c0bb8dc8c98c4a/winrt_windows_foundation_collections-3.2.1-cp311-cp311-win_amd64.whl", hash = "sha256:c646a5d442dd6540ade50890081ca118b41f073356e19032d0a5d7d0d38fbc89", size = 70828, upload-time = "2025-06-06T07:11:14.54Z" },
    { url = "https://files.pythonhosted.org/packages/5b/6b/a04974f5555c86452e54c19d063d9fd45f0fe9f2a6858e7fe12c639043fb/winrt_windows_foundation_collections-3.2.1-cp311-cp311-win_arm64.whl", hash = "sha256:2c4630027c93cdd518b0cf4cc726b8fbdbc3388e36d02aa1de190a0fc18ca523", size = 59051, upload-time = "2025-06-06T07:11:15.379Z" },
]

[[package]]
name = "winrt-windows-storage-streams"
version = "3.2.1"
source = { registry = "https://pypi.org/simple" }
dependencies = [
    { name = "winrt-runtime" },
]
sdist = { url = "https://files.pythonhosted.org/packages/00/50/f4488b07281566e3850fcae1021f0285c9653992f60a915e15567047db63/winrt_windows_storage_streams-3.2.1.tar.gz", hash = "sha256:476f522722751eb0b571bc7802d85a82a3cae8b1cce66061e6e758f525e7b80f", size = 34335, upload-time = "2025-06-06T14:43:23.905Z" }
wheels = [
    { url = "https://files.pythonhosted.org/packages/19/60/a9e0dc03434aa29e6b5c83067e988cd5934adf830cd9f87cbbc06569ca32/winrt_windows_storage_streams-3.2.1-cp311-cp311-win32.whl", hash = "sha256:7dace2f9e364422255d0e2f335f741bfe7abb1f4d4f6003622b2450b87c91e69", size = 127509, upload-time = "2025-06-06T14:01:58.971Z" },
    { url = "https://files.pythonhosted.org/packages/23/98/6c9c21b5e75ff5927a130da9eaf5ab628dfa1f93b64c181f0193706cbd6c/winrt_windows_storage_streams-3.2.1-cp311-cp311-win_amd64.whl", hash = "sha256:b02fa251a7eef6081eca1a5f64ecf349cfd1ac0ac0c5a5a30be52897d060bed5", size = 132491, upload-time = "2025-06-06T14:01:59.788Z" },
    { url = "https://files.pythonhosted.org/packages/38/ca/d0a02045d445cbf1029d65f01b487fdded5b333c0367a8bae0565b3def00/winrt_windows_storage_streams-3.2.1-cp311-cp311-win_arm64.whl", hash = "sha256:efdf250140340a75647e8e8ad002782d91308e9fdd1e19470a5b9cc969ae4780", size = 128577, upload-time = "2025-06-06T14:02:00.623Z" },
]
